Microsoft Visual Studio Solution File, Format Version 11.00
# Visual Studio 2008

Project("{A0D86919-0453-B527-2BCF-626DFFA3FC71}") = "ShootMulti", "Assembly-CSharp.csproj", "{F1AD7A05-E201-F21F-92D9-0B3F2724C38B}"
EndProject
Global
	GlobalSection(SolutionConfigurationPlatforms) = preSolution
		Debug|Any CPU = Debug|Any CPU
		Release|Any CPU = Release|Any CPU
	EndGlobalSection
	GlobalSection(ProjectConfigurationPlatforms) = postSolution
		{F1AD7A05-E201-F21F-92D9-0B3F2724C38B}.Debug|Any CPU.ActiveCfg = Debug|Any CPU
		{F1AD7A05-E201-F21F-92D9-0B3F2724C38B}.Debug|Any CPU.Build.0 = Debug|Any CPU
		{F1AD7A05-E201-F21F-92D9-0B3F2724C38B}.Release|Any CPU.ActiveCfg = Release|Any CPU
		{F1AD7A05-E201-F21F-92D9-0B3F2724C38B}.Release|Any CPU.Build.0 = Release|Any CPU
	EndGlobalSection
	GlobalSection(SolutionProperties) = preSolution
		HideSolutionNode = FALSE
	EndGlobalSection
	GlobalSection(MonoDevelopProperties) = preSolution
		StartupItem = Assembly-CSharp.csproj
	EndGlobalSection
EndGlobal
