
Microsoft Visual Studio Solution File, Format Version 11.00
# Visual Studio 2010
Project("{FAE04EC0-301F-11D3-BF4B-00C04F79EFBC}") = "ShootMulti1", "Assembly-CSharp.csproj", "{178A8306-21EB-5017-9C4B-75497D3A3FE7}"
EndProject
Project("{FAE04EC0-301F-11D3-BF4B-00C04F79EFBC}") = "ShootMulti1", "Assembly-CSharp-Editor.csproj", "{A9412BB0-8533-E98D-E19C-D62FE0CD7583}"
EndProject
Global
	GlobalSection(SolutionConfigurationPlatforms) = preSolution
		Debug|Any CPU = Debug|Any CPU
		Release|Any CPU = Release|Any CPU
	EndGlobalSection
	GlobalSection(ProjectConfigurationPlatforms) = postSolution
		{178A8306-21EB-5017-9C4B-75497D3A3FE7}.Debug|Any CPU.ActiveCfg = Debug|Any CPU
		{178A8306-21EB-5017-9C4B-75497D3A3FE7}.Debug|Any CPU.Build.0 = Debug|Any CPU
		{178A8306-21EB-5017-9C4B-75497D3A3FE7}.Release|Any CPU.ActiveCfg = Release|Any CPU
		{178A8306-21EB-5017-9C4B-75497D3A3FE7}.Release|Any CPU.Build.0 = Release|Any CPU
		{A9412BB0-8533-E98D-E19C-D62FE0CD7583}.Debug|Any CPU.ActiveCfg = Debug|Any CPU
		{A9412BB0-8533-E98D-E19C-D62FE0CD7583}.Debug|Any CPU.Build.0 = Debug|Any CPU
		{A9412BB0-8533-E98D-E19C-D62FE0CD7583}.Release|Any CPU.ActiveCfg = Release|Any CPU
		{A9412BB0-8533-E98D-E19C-D62FE0CD7583}.Release|Any CPU.Build.0 = Release|Any CPU
	EndGlobalSection
	GlobalSection(SolutionProperties) = preSolution
		HideSolutionNode = FALSE
	EndGlobalSection
	GlobalSection(MonoDevelopProperties) = preSolution
		StartupItem = Assembly-CSharp.csproj
	EndGlobalSection
EndGlobal
